
Microsoft Visual Studio Solution File, Format Version 12.00
# Visual Studio Version 17
VisualStudioVersion = 17.0.31825.309
MinimumVisualStudioVersion = 10.0.40219.1
Project("{2150E333-8FDC-42A3-9474-1A3956D46DE8}") = "MicroServices", "MicroServices", "{65E8C97E-441B-4549-B1B0-D5EA6D5048FB}"
EndProject
Project("{2150E333-8FDC-42A3-9474-1A3956D46DE8}") = "SIDCO", "SIDCO", "{BED08028-F4C0-45BC-9F35-59E983A56F04}"
EndProject
Project("{2150E333-8FDC-42A3-9474-1A3956D46DE8}") = "SPL", "SPL", "{F4EAD164-B540-4333-91ED-C297279CE539}"
EndProject
Project("{2150E333-8FDC-42A3-9474-1A3956D46DE8}") = "Applications", "Applications", "{30F020DC-4BAB-4492-B5E0-C9C6E1276D1F}"
EndProject
Project("{9A19103F-16F7-4668-BE54-9A1E7A4F7556}") = "SPL.WebApp", "SPL.WebApp\SPL.WebApp.csproj", "{E653A3D1-2C0A-4FEC-BA49-1BC1D238CBBC}"
EndProject
Project("{2150E333-8FDC-42A3-9474-1A3956D46DE8}") = "Gateway", "Gateway", "{AD9BB9AC-F703-46A0-B415-E735CE722282}"
EndProject
Project("{9A19103F-16F7-4668-BE54-9A1E7A4F7556}") = "Gateway.Api", "Gateway.API\Gateway.Api\Gateway.Api.csproj", "{3335C656-5777-4B9D-8810-5EEB4787AC25}"
EndProject
Project("{9A19103F-16F7-4668-BE54-9A1E7A4F7556}") = "SIDCO.Application", "SIDCO.ApiCore.Application\SIDCO.Application.csproj", "{15B3A854-DDB1-49A0-874B-2ADCB5223C76}"
EndProject
Project("{9A19103F-16F7-4668-BE54-9A1E7A4F7556}") = "SIDCO.Domain", "SIDCO.Domain.Domain\SIDCO.Domain.csproj", "{AA12ACEE-B2F1-45E6-A399-994526516444}"
EndProject
Project("{9A19103F-16F7-4668-BE54-9A1E7A4F7556}") = "SIDCO.Infrastructure", "SIDCO.Repository\SIDCO.Infrastructure.csproj", "{F36850BC-1F14-4D09-8D8F-D48D0AD7DD55}"
EndProject
Project("{9A19103F-16F7-4668-BE54-9A1E7A4F7556}") = "SPL.Artifact.Api", "SLP.API\SPL.Artifact.Api.csproj", "{EAD7C728-6D00-4963-B7C8-CEC983C3760E}"
EndProject
Project("{9A19103F-16F7-4668-BE54-9A1E7A4F7556}") = "SPL.Artifact.Application", "SPL.Application\SPL.Artifact.Application.csproj", "{14CAB396-009F-4A20-A0E3-5B0DC8F8A475}"
EndProject
Project("{9A19103F-16F7-4668-BE54-9A1E7A4F7556}") = "SPL.Domain", "SPL.Domain\SPL.Domain.csproj", "{70AC6FE4-557D-435F-A117-E2D7A3E65F8F}"
EndProject
Project("{9A19103F-16F7-4668-BE54-9A1E7A4F7556}") = "SPL.Artifact.Infrastructure", "SPL.Infrastructure\SPL.Artifact.Infrastructure.csproj", "{BC6E88DD-D3CD-4183-B0E6-EE857445C178}"
EndProject
Project("{2150E333-8FDC-42A3-9474-1A3956D46DE8}") = "Artifact_Design", "Artifact_Design", "{050CD789-A4F1-42F1-A4C0-137BB5FE1DFD}"
EndProject
Project("{2150E333-8FDC-42A3-9474-1A3956D46DE8}") = "Tests", "Tests", "{12650905-0EBF-42BB-A6A1-32445170EFC9}"
EndProject
Project("{2150E333-8FDC-42A3-9474-1A3956D46DE8}") = "Reports", "Reports", "{C0F54EBC-F887-4A5C-9FEC-0D874296B2C4}"
EndProject
Project("{2150E333-8FDC-42A3-9474-1A3956D46DE8}") = "Masters", "Masters", "{2DA0E295-67D6-4E4C-815C-4A8F414449BC}"
EndProject
Project("{9A19103F-16F7-4668-BE54-9A1E7A4F7556}") = "SPL.Tests.Api", "SPL.Tests.Api\SPL.Tests.Api.csproj", "{6EE3C3BD-5802-42E1-979A-D313B45A8364}"
EndProject
Project("{9A19103F-16F7-4668-BE54-9A1E7A4F7556}") = "SPL.Reports.Api", "SPL.Reports.Api\SPL.Reports.Api.csproj", "{00102B03-8605-4C51-814A-233F1E36E790}"
EndProject
Project("{9A19103F-16F7-4668-BE54-9A1E7A4F7556}") = "SPL.Masters.Api", "SPL.Masters.Api\SPL.Masters.Api.csproj", "{18F446E9-EFAF-4003-B18A-820A7B80C0EF}"
EndProject
Project("{9A19103F-16F7-4668-BE54-9A1E7A4F7556}") = "SPL.Reports.Application", "SPL.Reports.Application\SPL.Reports.Application.csproj", "{485426D7-7352-4DF2-B371-3CC82136D01D}"
EndProject
Project("{9A19103F-16F7-4668-BE54-9A1E7A4F7556}") = "SPL.Reports.Infrastructure", "SPL.Reports.Infrastructure\SPL.Reports.Infrastructure.csproj", "{5F17C316-93E3-4862-9F81-5D3DAB05E77B}"
EndProject
Project("{9A19103F-16F7-4668-BE54-9A1E7A4F7556}") = "SPL.Masters.Application", "SPL.Masters.Application\SPL.Masters.Application.csproj", "{F2AD0300-346A-4234-9350-987BE924D1C9}"
EndProject
Project("{9A19103F-16F7-4668-BE54-9A1E7A4F7556}") = "SPL.Masters.Infrastructure", "SPL.Masters.Infrastructure\SPL.Masters.Infrastructure.csproj", "{87EE045F-989C-4DFA-BC7C-9112EE6A3872}"
EndProject
Project("{2150E333-8FDC-42A3-9474-1A3956D46DE8}") = "Domain", "Domain", "{C54F099C-C5CB-4282-B4BD-0E9B35A44160}"
EndProject
Project("{9A19103F-16F7-4668-BE54-9A1E7A4F7556}") = "SPL.WebApp.Domain", "SPL.WebApp.Domain\SPL.WebApp.Domain.csproj", "{7B6F290E-5400-41B0-8077-BAA7E48D4DA0}"
EndProject
Project("{9A19103F-16F7-4668-BE54-9A1E7A4F7556}") = "SPL.Tests.Application", "SPL.Tests.Application\SPL.Tests.Application.csproj", "{A4E46C2D-31C6-4259-863D-D0C4FADC5115}"
EndProject
Project("{9A19103F-16F7-4668-BE54-9A1E7A4F7556}") = "SPL.Tests.Infrastructure", "SPL.Tests.Infrastructure\SPL.Tests.Infrastructure.csproj", "{6BBB3DA2-257C-4A6A-859F-10265C3DADA8}"
EndProject
Project("{9A19103F-16F7-4668-BE54-9A1E7A4F7556}") = "SIDCO.API", "SIDCO.API\SIDCO.API.csproj", "{536895F9-A7CB-4CEF-BCB1-68ABD3F2EB48}"
EndProject
Project("{2150E333-8FDC-42A3-9474-1A3956D46DE8}") = "Configuration", "Configuration", "{B1D55EEC-4096-49DE-990E-8235190B7E72}"
EndProject
Project("{9A19103F-16F7-4668-BE54-9A1E7A4F7556}") = "SPL.Configuration.Api", "SPL.Configuration.Api\SPL.Configuration.Api.csproj", "{A1082ED9-CA6D-4786-805A-8A048A0C5DBF}"
EndProject
Project("{9A19103F-16F7-4668-BE54-9A1E7A4F7556}") = "SPL.Configuration.Application", "SPL.Configuration.Application\SPL.Configuration.Application.csproj", "{D6EF6918-FEC8-4C61-A365-207BCC17F82C}"
EndProject
Project("{9A19103F-16F7-4668-BE54-9A1E7A4F7556}") = "SPL.Configuration.Infrastructure", "SPL.Configuration.Infrastructure\SPL.Configuration.Infrastructure.csproj", "{C9E5B49B-C652-4E2C-9E11-E73FDB956E50}"
EndProject
Project("{2150E333-8FDC-42A3-9474-1A3956D46DE8}") = "Security", "Security", "{C8DCC313-3A02-48CA-A94E-0DFB185D2EDC}"
EndProject
Project("{9A19103F-16F7-4668-BE54-9A1E7A4F7556}") = "SPL.Security.Api", "SPL.Security.Api\SPL.Security.Api.csproj", "{B28E5B09-53DA-4666-B56C-2D70A1D06FCA}"
EndProject
Project("{9A19103F-16F7-4668-BE54-9A1E7A4F7556}") = "SPL.Security.Application", "SPL.Security.Application\SPL.Security.Application.csproj", "{259C894B-5E00-4649-B4A3-9FF6C9E068F0}"
EndProject
Project("{9A19103F-16F7-4668-BE54-9A1E7A4F7556}") = "SPL.Security.Infrastructure", "SPL.Security.Infrastructure\SPL.Security.Infrastructure.csproj", "{08341A90-61C7-4A0A-9220-3059BCB3055A}"
EndProject
Global
	GlobalSection(SolutionConfigurationPlatforms) = preSolution
		Debug|Any CPU = Debug|Any CPU
		Release|Any CPU = Release|Any CPU
	EndGlobalSection
	GlobalSection(ProjectConfigurationPlatforms) = postSolution
		{E653A3D1-2C0A-4FEC-BA49-1BC1D238CBBC}.Debug|Any CPU.ActiveCfg = Debug|Any CPU
		{E653A3D1-2C0A-4FEC-BA49-1BC1D238CBBC}.Debug|Any CPU.Build.0 = Debug|Any CPU
		{E653A3D1-2C0A-4FEC-BA49-1BC1D238CBBC}.Release|Any CPU.ActiveCfg = Release|Any CPU
		{E653A3D1-2C0A-4FEC-BA49-1BC1D238CBBC}.Release|Any CPU.Build.0 = Release|Any CPU
		{3335C656-5777-4B9D-8810-5EEB4787AC25}.Debug|Any CPU.ActiveCfg = Debug|Any CPU
		{3335C656-5777-4B9D-8810-5EEB4787AC25}.Debug|Any CPU.Build.0 = Debug|Any CPU
		{3335C656-5777-4B9D-8810-5EEB4787AC25}.Release|Any CPU.ActiveCfg = Release|Any CPU
		{3335C656-5777-4B9D-8810-5EEB4787AC25}.Release|Any CPU.Build.0 = Release|Any CPU
		{15B3A854-DDB1-49A0-874B-2ADCB5223C76}.Debug|Any CPU.ActiveCfg = Debug|Any CPU
		{15B3A854-DDB1-49A0-874B-2ADCB5223C76}.Debug|Any CPU.Build.0 = Debug|Any CPU
		{15B3A854-DDB1-49A0-874B-2ADCB5223C76}.Release|Any CPU.ActiveCfg = Release|Any CPU
		{15B3A854-DDB1-49A0-874B-2ADCB5223C76}.Release|Any CPU.Build.0 = Release|Any CPU
		{AA12ACEE-B2F1-45E6-A399-994526516444}.Debug|Any CPU.ActiveCfg = Debug|Any CPU
		{AA12ACEE-B2F1-45E6-A399-994526516444}.Debug|Any CPU.Build.0 = Debug|Any CPU
		{AA12ACEE-B2F1-45E6-A399-994526516444}.Release|Any CPU.ActiveCfg = Release|Any CPU
		{AA12ACEE-B2F1-45E6-A399-994526516444}.Release|Any CPU.Build.0 = Release|Any CPU
		{F36850BC-1F14-4D09-8D8F-D48D0AD7DD55}.Debug|Any CPU.ActiveCfg = Debug|Any CPU
		{F36850BC-1F14-4D09-8D8F-D48D0AD7DD55}.Debug|Any CPU.Build.0 = Debug|Any CPU
		{F36850BC-1F14-4D09-8D8F-D48D0AD7DD55}.Release|Any CPU.ActiveCfg = Release|Any CPU
		{F36850BC-1F14-4D09-8D8F-D48D0AD7DD55}.Release|Any CPU.Build.0 = Release|Any CPU
		{EAD7C728-6D00-4963-B7C8-CEC983C3760E}.Debug|Any CPU.ActiveCfg = Debug|Any CPU
		{EAD7C728-6D00-4963-B7C8-CEC983C3760E}.Debug|Any CPU.Build.0 = Debug|Any CPU
		{EAD7C728-6D00-4963-B7C8-CEC983C3760E}.Release|Any CPU.ActiveCfg = Release|Any CPU
		{EAD7C728-6D00-4963-B7C8-CEC983C3760E}.Release|Any CPU.Build.0 = Release|Any CPU
		{14CAB396-009F-4A20-A0E3-5B0DC8F8A475}.Debug|Any CPU.ActiveCfg = Debug|Any CPU
		{14CAB396-009F-4A20-A0E3-5B0DC8F8A475}.Debug|Any CPU.Build.0 = Debug|Any CPU
		{14CAB396-009F-4A20-A0E3-5B0DC8F8A475}.Release|Any CPU.ActiveCfg = Release|Any CPU
		{14CAB396-009F-4A20-A0E3-5B0DC8F8A475}.Release|Any CPU.Build.0 = Release|Any CPU
		{70AC6FE4-557D-435F-A117-E2D7A3E65F8F}.Debug|Any CPU.ActiveCfg = Debug|Any CPU
		{70AC6FE4-557D-435F-A117-E2D7A3E65F8F}.Debug|Any CPU.Build.0 = Debug|Any CPU
		{70AC6FE4-557D-435F-A117-E2D7A3E65F8F}.Release|Any CPU.ActiveCfg = Release|Any CPU
		{70AC6FE4-557D-435F-A117-E2D7A3E65F8F}.Release|Any CPU.Build.0 = Release|Any CPU
		{BC6E88DD-D3CD-4183-B0E6-EE857445C178}.Debug|Any CPU.ActiveCfg = Debug|Any CPU
		{BC6E88DD-D3CD-4183-B0E6-EE857445C178}.Debug|Any CPU.Build.0 = Debug|Any CPU
		{BC6E88DD-D3CD-4183-B0E6-EE857445C178}.Release|Any CPU.ActiveCfg = Release|Any CPU
		{BC6E88DD-D3CD-4183-B0E6-EE857445C178}.Release|Any CPU.Build.0 = Release|Any CPU
		{6EE3C3BD-5802-42E1-979A-D313B45A8364}.Debug|Any CPU.ActiveCfg = Debug|Any CPU
		{6EE3C3BD-5802-42E1-979A-D313B45A8364}.Debug|Any CPU.Build.0 = Debug|Any CPU
		{6EE3C3BD-5802-42E1-979A-D313B45A8364}.Release|Any CPU.ActiveCfg = Release|Any CPU
		{6EE3C3BD-5802-42E1-979A-D313B45A8364}.Release|Any CPU.Build.0 = Release|Any CPU
		{00102B03-8605-4C51-814A-233F1E36E790}.Debug|Any CPU.ActiveCfg = Debug|Any CPU
		{00102B03-8605-4C51-814A-233F1E36E790}.Debug|Any CPU.Build.0 = Debug|Any CPU
		{00102B03-8605-4C51-814A-233F1E36E790}.Release|Any CPU.ActiveCfg = Release|Any CPU
		{00102B03-8605-4C51-814A-233F1E36E790}.Release|Any CPU.Build.0 = Release|Any CPU
		{18F446E9-EFAF-4003-B18A-820A7B80C0EF}.Debug|Any CPU.ActiveCfg = Debug|Any CPU
		{18F446E9-EFAF-4003-B18A-820A7B80C0EF}.Debug|Any CPU.Build.0 = Debug|Any CPU
		{18F446E9-EFAF-4003-B18A-820A7B80C0EF}.Release|Any CPU.ActiveCfg = Release|Any CPU
		{18F446E9-EFAF-4003-B18A-820A7B80C0EF}.Release|Any CPU.Build.0 = Release|Any CPU
		{485426D7-7352-4DF2-B371-3CC82136D01D}.Debug|Any CPU.ActiveCfg = Debug|Any CPU
		{485426D7-7352-4DF2-B371-3CC82136D01D}.Debug|Any CPU.Build.0 = Debug|Any CPU
		{485426D7-7352-4DF2-B371-3CC82136D01D}.Release|Any CPU.ActiveCfg = Release|Any CPU
		{485426D7-7352-4DF2-B371-3CC82136D01D}.Release|Any CPU.Build.0 = Release|Any CPU
		{5F17C316-93E3-4862-9F81-5D3DAB05E77B}.Debug|Any CPU.ActiveCfg = Debug|Any CPU
		{5F17C316-93E3-4862-9F81-5D3DAB05E77B}.Debug|Any CPU.Build.0 = Debug|Any CPU
		{5F17C316-93E3-4862-9F81-5D3DAB05E77B}.Release|Any CPU.ActiveCfg = Release|Any CPU
		{5F17C316-93E3-4862-9F81-5D3DAB05E77B}.Release|Any CPU.Build.0 = Release|Any CPU
		{F2AD0300-346A-4234-9350-987BE924D1C9}.Debug|Any CPU.ActiveCfg = Debug|Any CPU
		{F2AD0300-346A-4234-9350-987BE924D1C9}.Debug|Any CPU.Build.0 = Debug|Any CPU
		{F2AD0300-346A-4234-9350-987BE924D1C9}.Release|Any CPU.ActiveCfg = Release|Any CPU
		{F2AD0300-346A-4234-9350-987BE924D1C9}.Release|Any CPU.Build.0 = Release|Any CPU
		{87EE045F-989C-4DFA-BC7C-9112EE6A3872}.Debug|Any CPU.ActiveCfg = Debug|Any CPU
		{87EE045F-989C-4DFA-BC7C-9112EE6A3872}.Debug|Any CPU.Build.0 = Debug|Any CPU
		{87EE045F-989C-4DFA-BC7C-9112EE6A3872}.Release|Any CPU.ActiveCfg = Release|Any CPU
		{87EE045F-989C-4DFA-BC7C-9112EE6A3872}.Release|Any CPU.Build.0 = Release|Any CPU
		{7B6F290E-5400-41B0-8077-BAA7E48D4DA0}.Debug|Any CPU.ActiveCfg = Debug|Any CPU
		{7B6F290E-5400-41B0-8077-BAA7E48D4DA0}.Debug|Any CPU.Build.0 = Debug|Any CPU
		{7B6F290E-5400-41B0-8077-BAA7E48D4DA0}.Release|Any CPU.ActiveCfg = Release|Any CPU
		{7B6F290E-5400-41B0-8077-BAA7E48D4DA0}.Release|Any CPU.Build.0 = Release|Any CPU
		{A4E46C2D-31C6-4259-863D-D0C4FADC5115}.Debug|Any CPU.ActiveCfg = Debug|Any CPU
		{A4E46C2D-31C6-4259-863D-D0C4FADC5115}.Debug|Any CPU.Build.0 = Debug|Any CPU
		{A4E46C2D-31C6-4259-863D-D0C4FADC5115}.Release|Any CPU.ActiveCfg = Release|Any CPU
		{A4E46C2D-31C6-4259-863D-D0C4FADC5115}.Release|Any CPU.Build.0 = Release|Any CPU
		{6BBB3DA2-257C-4A6A-859F-10265C3DADA8}.Debug|Any CPU.ActiveCfg = Debug|Any CPU
		{6BBB3DA2-257C-4A6A-859F-10265C3DADA8}.Debug|Any CPU.Build.0 = Debug|Any CPU
		{6BBB3DA2-257C-4A6A-859F-10265C3DADA8}.Release|Any CPU.ActiveCfg = Release|Any CPU
		{6BBB3DA2-257C-4A6A-859F-10265C3DADA8}.Release|Any CPU.Build.0 = Release|Any CPU
		{536895F9-A7CB-4CEF-BCB1-68ABD3F2EB48}.Debug|Any CPU.ActiveCfg = Debug|Any CPU
		{536895F9-A7CB-4CEF-BCB1-68ABD3F2EB48}.Debug|Any CPU.Build.0 = Debug|Any CPU
		{536895F9-A7CB-4CEF-BCB1-68ABD3F2EB48}.Release|Any CPU.ActiveCfg = Release|Any CPU
		{536895F9-A7CB-4CEF-BCB1-68ABD3F2EB48}.Release|Any CPU.Build.0 = Release|Any CPU
		{A1082ED9-CA6D-4786-805A-8A048A0C5DBF}.Debug|Any CPU.ActiveCfg = Debug|Any CPU
		{A1082ED9-CA6D-4786-805A-8A048A0C5DBF}.Debug|Any CPU.Build.0 = Debug|Any CPU
		{A1082ED9-CA6D-4786-805A-8A048A0C5DBF}.Release|Any CPU.ActiveCfg = Release|Any CPU
		{A1082ED9-CA6D-4786-805A-8A048A0C5DBF}.Release|Any CPU.Build.0 = Release|Any CPU
		{D6EF6918-FEC8-4C61-A365-207BCC17F82C}.Debug|Any CPU.ActiveCfg = Debug|Any CPU
		{D6EF6918-FEC8-4C61-A365-207BCC17F82C}.Debug|Any CPU.Build.0 = Debug|Any CPU
		{D6EF6918-FEC8-4C61-A365-207BCC17F82C}.Release|Any CPU.ActiveCfg = Release|Any CPU
		{D6EF6918-FEC8-4C61-A365-207BCC17F82C}.Release|Any CPU.Build.0 = Release|Any CPU
		{C9E5B49B-C652-4E2C-9E11-E73FDB956E50}.Debug|Any CPU.ActiveCfg = Debug|Any CPU
		{C9E5B49B-C652-4E2C-9E11-E73FDB956E50}.Debug|Any CPU.Build.0 = Debug|Any CPU
		{C9E5B49B-C652-4E2C-9E11-E73FDB956E50}.Release|Any CPU.ActiveCfg = Release|Any CPU
		{C9E5B49B-C652-4E2C-9E11-E73FDB956E50}.Release|Any CPU.Build.0 = Release|Any CPU
		{B28E5B09-53DA-4666-B56C-2D70A1D06FCA}.Debug|Any CPU.ActiveCfg = Debug|Any CPU
		{B28E5B09-53DA-4666-B56C-2D70A1D06FCA}.Debug|Any CPU.Build.0 = Debug|Any CPU
		{B28E5B09-53DA-4666-B56C-2D70A1D06FCA}.Release|Any CPU.ActiveCfg = Release|Any CPU
		{B28E5B09-53DA-4666-B56C-2D70A1D06FCA}.Release|Any CPU.Build.0 = Release|Any CPU
		{259C894B-5E00-4649-B4A3-9FF6C9E068F0}.Debug|Any CPU.ActiveCfg = Debug|Any CPU
		{259C894B-5E00-4649-B4A3-9FF6C9E068F0}.Debug|Any CPU.Build.0 = Debug|Any CPU
		{259C894B-5E00-4649-B4A3-9FF6C9E068F0}.Release|Any CPU.ActiveCfg = Release|Any CPU
		{259C894B-5E00-4649-B4A3-9FF6C9E068F0}.Release|Any CPU.Build.0 = Release|Any CPU
		{08341A90-61C7-4A0A-9220-3059BCB3055A}.Debug|Any CPU.ActiveCfg = Debug|Any CPU
		{08341A90-61C7-4A0A-9220-3059BCB3055A}.Debug|Any CPU.Build.0 = Debug|Any CPU
		{08341A90-61C7-4A0A-9220-3059BCB3055A}.Release|Any CPU.ActiveCfg = Release|Any CPU
		{08341A90-61C7-4A0A-9220-3059BCB3055A}.Release|Any CPU.Build.0 = Release|Any CPU
	EndGlobalSection
	GlobalSection(SolutionProperties) = preSolution
		HideSolutionNode = FALSE
	EndGlobalSection
	GlobalSection(NestedProjects) = preSolution
		{BED08028-F4C0-45BC-9F35-59E983A56F04} = {65E8C97E-441B-4549-B1B0-D5EA6D5048FB}
		{F4EAD164-B540-4333-91ED-C297279CE539} = {65E8C97E-441B-4549-B1B0-D5EA6D5048FB}
		{E653A3D1-2C0A-4FEC-BA49-1BC1D238CBBC} = {30F020DC-4BAB-4492-B5E0-C9C6E1276D1F}
		{AD9BB9AC-F703-46A0-B415-E735CE722282} = {65E8C97E-441B-4549-B1B0-D5EA6D5048FB}
		{3335C656-5777-4B9D-8810-5EEB4787AC25} = {AD9BB9AC-F703-46A0-B415-E735CE722282}
		{15B3A854-DDB1-49A0-874B-2ADCB5223C76} = {BED08028-F4C0-45BC-9F35-59E983A56F04}
		{AA12ACEE-B2F1-45E6-A399-994526516444} = {BED08028-F4C0-45BC-9F35-59E983A56F04}
		{F36850BC-1F14-4D09-8D8F-D48D0AD7DD55} = {BED08028-F4C0-45BC-9F35-59E983A56F04}
		{EAD7C728-6D00-4963-B7C8-CEC983C3760E} = {050CD789-A4F1-42F1-A4C0-137BB5FE1DFD}
		{14CAB396-009F-4A20-A0E3-5B0DC8F8A475} = {050CD789-A4F1-42F1-A4C0-137BB5FE1DFD}
		{70AC6FE4-557D-435F-A117-E2D7A3E65F8F} = {F4EAD164-B540-4333-91ED-C297279CE539}
		{BC6E88DD-D3CD-4183-B0E6-EE857445C178} = {050CD789-A4F1-42F1-A4C0-137BB5FE1DFD}
		{050CD789-A4F1-42F1-A4C0-137BB5FE1DFD} = {F4EAD164-B540-4333-91ED-C297279CE539}
		{12650905-0EBF-42BB-A6A1-32445170EFC9} = {F4EAD164-B540-4333-91ED-C297279CE539}
		{C0F54EBC-F887-4A5C-9FEC-0D874296B2C4} = {F4EAD164-B540-4333-91ED-C297279CE539}
		{2DA0E295-67D6-4E4C-815C-4A8F414449BC} = {F4EAD164-B540-4333-91ED-C297279CE539}
		{6EE3C3BD-5802-42E1-979A-D313B45A8364} = {12650905-0EBF-42BB-A6A1-32445170EFC9}
		{00102B03-8605-4C51-814A-233F1E36E790} = {C0F54EBC-F887-4A5C-9FEC-0D874296B2C4}
		{18F446E9-EFAF-4003-B18A-820A7B80C0EF} = {2DA0E295-67D6-4E4C-815C-4A8F414449BC}
		{485426D7-7352-4DF2-B371-3CC82136D01D} = {C0F54EBC-F887-4A5C-9FEC-0D874296B2C4}
		{5F17C316-93E3-4862-9F81-5D3DAB05E77B} = {C0F54EBC-F887-4A5C-9FEC-0D874296B2C4}
		{F2AD0300-346A-4234-9350-987BE924D1C9} = {2DA0E295-67D6-4E4C-815C-4A8F414449BC}
		{87EE045F-989C-4DFA-BC7C-9112EE6A3872} = {2DA0E295-67D6-4E4C-815C-4A8F414449BC}
		{C54F099C-C5CB-4282-B4BD-0E9B35A44160} = {30F020DC-4BAB-4492-B5E0-C9C6E1276D1F}
		{7B6F290E-5400-41B0-8077-BAA7E48D4DA0} = {C54F099C-C5CB-4282-B4BD-0E9B35A44160}
		{A4E46C2D-31C6-4259-863D-D0C4FADC5115} = {12650905-0EBF-42BB-A6A1-32445170EFC9}
		{6BBB3DA2-257C-4A6A-859F-10265C3DADA8} = {12650905-0EBF-42BB-A6A1-32445170EFC9}
		{536895F9-A7CB-4CEF-BCB1-68ABD3F2EB48} = {BED08028-F4C0-45BC-9F35-59E983A56F04}
		{B1D55EEC-4096-49DE-990E-8235190B7E72} = {F4EAD164-B540-4333-91ED-C297279CE539}
		{A1082ED9-CA6D-4786-805A-8A048A0C5DBF} = {B1D55EEC-4096-49DE-990E-8235190B7E72}
		{D6EF6918-FEC8-4C61-A365-207BCC17F82C} = {B1D55EEC-4096-49DE-990E-8235190B7E72}
		{C9E5B49B-C652-4E2C-9E11-E73FDB956E50} = {B1D55EEC-4096-49DE-990E-8235190B7E72}
		{C8DCC313-3A02-48CA-A94E-0DFB185D2EDC} = {F4EAD164-B540-4333-91ED-C297279CE539}
		{B28E5B09-53DA-4666-B56C-2D70A1D06FCA} = {C8DCC313-3A02-48CA-A94E-0DFB185D2EDC}
		{259C894B-5E00-4649-B4A3-9FF6C9E068F0} = {C8DCC313-3A02-48CA-A94E-0DFB185D2EDC}
		{08341A90-61C7-4A0A-9220-3059BCB3055A} = {C8DCC313-3A02-48CA-A94E-0DFB185D2EDC}
	EndGlobalSection
	GlobalSection(ExtensibilityGlobals) = postSolution
		SolutionGuid = {7DBB865D-E68D-4404-BFFA-8911DC4EE086}
	EndGlobalSection
EndGlobal
